
Microsoft Visual Studio Solution File, Format Version 12.00
# Visual Studio 15
VisualStudioVersion = 15.0.28010.2026
MinimumVisualStudioVersion = 10.0.40219.1
Project("{FAE04EC0-301F-11D3-BF4B-00C04F79EFBC}") = "SportBetApp.Data", "SportBetApp.Data\SportBetApp.Data.csproj", "{3364367A-5830-4A38-A753-36832DA3E9D5}"
EndProject
Project("{FAE04EC0-301F-11D3-BF4B-00C04F79EFBC}") = "SportBetApp.Services", "SportBetApp.Services\SportBetApp.Services.csproj", "{38302580-64F7-448A-BC51-B22DFAE3A629}"
EndProject
Project("{FAE04EC0-301F-11D3-BF4B-00C04F79EFBC}") = "SportBetApp.Repository", "SportBetApp.Repository\SportBetApp.Repository.csproj", "{CD6F8672-08D9-4733-BD56-352CAD092C34}"
EndProject
Project("{FAE04EC0-301F-11D3-BF4B-00C04F79EFBC}") = "SportBetApp.DTO", "SportBetApp.DTO\SportBetApp.DTO.csproj", "{A52D70C8-F2ED-490E-A877-44E83242E35A}"
EndProject
Project("{FAE04EC0-301F-11D3-BF4B-00C04F79EFBC}") = "SportBetApp.Data.Models", "SportBetApp.Data.Models\SportBetApp.Data.Models.csproj", "{3C01780D-545C-47C4-A685-BD0EFBB345F6}"
EndProject
Project("{FAE04EC0-301F-11D3-BF4B-00C04F79EFBC}") = "SportBetApp.Common", "SportBetApp.Common\SportBetApp.Common.csproj", "{4DD6CDA0-CC33-415E-8B9C-9489B88F6C10}"
EndProject
Project("{FAE04EC0-301F-11D3-BF4B-00C04F79EFBC}") = "SportBetApp.Web", "SportBetApp.Web\SportBetApp.Web.csproj", "{B1F3892E-FE05-4586-987F-CA0FC207B109}"
EndProject
Project("{FAE04EC0-301F-11D3-BF4B-00C04F79EFBC}") = "SportBetApp.UnitTests", "SportBetApp.UnitTests\SportBetApp.UnitTests.csproj", "{152CF9FB-807A-4C79-9EF0-C3604B2E09DB}"
EndProject
Global
	GlobalSection(SolutionConfigurationPlatforms) = preSolution
		Debug|Any CPU = Debug|Any CPU
		Release|Any CPU = Release|Any CPU
	EndGlobalSection
	GlobalSection(ProjectConfigurationPlatforms) = postSolution
		{3364367A-5830-4A38-A753-36832DA3E9D5}.Debug|Any CPU.ActiveCfg = Debug|Any CPU
		{3364367A-5830-4A38-A753-36832DA3E9D5}.Debug|Any CPU.Build.0 = Debug|Any CPU
		{3364367A-5830-4A38-A753-36832DA3E9D5}.Release|Any CPU.ActiveCfg = Release|Any CPU
		{3364367A-5830-4A38-A753-36832DA3E9D5}.Release|Any CPU.Build.0 = Release|Any CPU
		{38302580-64F7-448A-BC51-B22DFAE3A629}.Debug|Any CPU.ActiveCfg = Debug|Any CPU
		{38302580-64F7-448A-BC51-B22DFAE3A629}.Debug|Any CPU.Build.0 = Debug|Any CPU
		{38302580-64F7-448A-BC51-B22DFAE3A629}.Release|Any CPU.ActiveCfg = Release|Any CPU
		{38302580-64F7-448A-BC51-B22DFAE3A629}.Release|Any CPU.Build.0 = Release|Any CPU
		{CD6F8672-08D9-4733-BD56-352CAD092C34}.Debug|Any CPU.ActiveCfg = Debug|Any CPU
		{CD6F8672-08D9-4733-BD56-352CAD092C34}.Debug|Any CPU.Build.0 = Debug|Any CPU
		{CD6F8672-08D9-4733-BD56-352CAD092C34}.Release|Any CPU.ActiveCfg = Release|Any CPU
		{CD6F8672-08D9-4733-BD56-352CAD092C34}.Release|Any CPU.Build.0 = Release|Any CPU
		{A52D70C8-F2ED-490E-A877-44E83242E35A}.Debug|Any CPU.ActiveCfg = Debug|Any CPU
		{A52D70C8-F2ED-490E-A877-44E83242E35A}.Debug|Any CPU.Build.0 = Debug|Any CPU
		{A52D70C8-F2ED-490E-A877-44E83242E35A}.Release|Any CPU.ActiveCfg = Release|Any CPU
		{A52D70C8-F2ED-490E-A877-44E83242E35A}.Release|Any CPU.Build.0 = Release|Any CPU
		{3C01780D-545C-47C4-A685-BD0EFBB345F6}.Debug|Any CPU.ActiveCfg = Debug|Any CPU
		{3C01780D-545C-47C4-A685-BD0EFBB345F6}.Debug|Any CPU.Build.0 = Debug|Any CPU
		{3C01780D-545C-47C4-A685-BD0EFBB345F6}.Release|Any CPU.ActiveCfg = Release|Any CPU
		{3C01780D-545C-47C4-A685-BD0EFBB345F6}.Release|Any CPU.Build.0 = Release|Any CPU
		{4DD6CDA0-CC33-415E-8B9C-9489B88F6C10}.Debug|Any CPU.ActiveCfg = Debug|Any CPU
		{4DD6CDA0-CC33-415E-8B9C-9489B88F6C10}.Debug|Any CPU.Build.0 = Debug|Any CPU
		{4DD6CDA0-CC33-415E-8B9C-9489B88F6C10}.Release|Any CPU.ActiveCfg = Release|Any CPU
		{4DD6CDA0-CC33-415E-8B9C-9489B88F6C10}.Release|Any CPU.Build.0 = Release|Any CPU
		{B1F3892E-FE05-4586-987F-CA0FC207B109}.Debug|Any CPU.ActiveCfg = Debug|Any CPU
		{B1F3892E-FE05-4586-987F-CA0FC207B109}.Debug|Any CPU.Build.0 = Debug|Any CPU
		{B1F3892E-FE05-4586-987F-CA0FC207B109}.Release|Any CPU.ActiveCfg = Release|Any CPU
		{B1F3892E-FE05-4586-987F-CA0FC207B109}.Release|Any CPU.Build.0 = Release|Any CPU
		{152CF9FB-807A-4C79-9EF0-C3604B2E09DB}.Debug|Any CPU.ActiveCfg = Debug|Any CPU
		{152CF9FB-807A-4C79-9EF0-C3604B2E09DB}.Debug|Any CPU.Build.0 = Debug|Any CPU
		{152CF9FB-807A-4C79-9EF0-C3604B2E09DB}.Release|Any CPU.ActiveCfg = Release|Any CPU
		{152CF9FB-807A-4C79-9EF0-C3604B2E09DB}.Release|Any CPU.Build.0 = Release|Any CPU
	EndGlobalSection
	GlobalSection(SolutionProperties) = preSolution
		HideSolutionNode = FALSE
	EndGlobalSection
	GlobalSection(ExtensibilityGlobals) = postSolution
		SolutionGuid = {FE706741-DCD7-44B1-96D1-65E10EF2D61B}
	EndGlobalSection
EndGlobal
